
Microsoft Visual Studio Solution File, Format Version 12.00
# Visual Studio 15
VisualStudioVersion = 15.0.26730.16
MinimumVisualStudioVersion = 10.0.40219.1
Project("{FAE04EC0-301F-11D3-BF4B-00C04F79EFBC}") = "EFPFanFic", "EFPFanFic\EFPFanFic.csproj", "{D376529D-D130-40C9-8992-2FD080713195}"
EndProject
Project("{FAE04EC0-301F-11D3-BF4B-00C04F79EFBC}") = "Midium.Helpers", "Midium.Helpers\Midium.Helpers.csproj", "{A63D5BB4-25E1-402B-9837-54281AF127B3}"
EndProject
Global
	GlobalSection(SolutionConfigurationPlatforms) = preSolution
		Debug|Any CPU = Debug|Any CPU
		Release|Any CPU = Release|Any CPU
	EndGlobalSection
	GlobalSection(ProjectConfigurationPlatforms) = postSolution
		{D376529D-D130-40C9-8992-2FD080713195}.Debug|Any CPU.ActiveCfg = Debug|Any CPU
		{D376529D-D130-40C9-8992-2FD080713195}.Debug|Any CPU.Build.0 = Debug|Any CPU
		{D376529D-D130-40C9-8992-2FD080713195}.Release|Any CPU.ActiveCfg = Release|Any CPU
		{D376529D-D130-40C9-8992-2FD080713195}.Release|Any CPU.Build.0 = Release|Any CPU
		{A63D5BB4-25E1-402B-9837-54281AF127B3}.Debug|Any CPU.ActiveCfg = Debug|Any CPU
		{A63D5BB4-25E1-402B-9837-54281AF127B3}.Debug|Any CPU.Build.0 = Debug|Any CPU
		{A63D5BB4-25E1-402B-9837-54281AF127B3}.Release|Any CPU.ActiveCfg = Release|Any CPU
		{A63D5BB4-25E1-402B-9837-54281AF127B3}.Release|Any CPU.Build.0 = Release|Any CPU
	EndGlobalSection
	GlobalSection(SolutionProperties) = preSolution
		HideSolutionNode = FALSE
	EndGlobalSection
	GlobalSection(ExtensibilityGlobals) = postSolution
		SolutionGuid = {DCC35923-67CD-4C61-BA32-978371893F73}
	EndGlobalSection
EndGlobal
